
Microsoft Visual Studio Solution File, Format Version 12.00
# Visual Studio Version 17
VisualStudioVersion = 17.9.34607.119
MinimumVisualStudioVersion = 10.0.40219.1
Project("{8BC9CEB8-8B4A-11D0-8D11-00A0C91BC942}") = "Project1", "Project1\Project1.vcxproj", "{D03B93E2-AE0F-4AE9-B8B8-87AAFB0B18FE}"
EndProject
Global
	GlobalSection(SolutionConfigurationPlatforms) = preSolution
		Debug|x64 = Debug|x64
		Debug|x86 = Debug|x86
		Release|x64 = Release|x64
		Release|x86 = Release|x86
	EndGlobalSection
	GlobalSection(ProjectConfigurationPlatforms) = postSolution
		{D03B93E2-AE0F-4AE9-B8B8-87AAFB0B18FE}.Debug|x64.ActiveCfg = Debug|x64
		{D03B93E2-AE0F-4AE9-B8B8-87AAFB0B18FE}.Debug|x64.Build.0 = Debug|x64
		{D03B93E2-AE0F-4AE9-B8B8-87AAFB0B18FE}.Debug|x86.ActiveCfg = Debug|Win32
		{D03B93E2-AE0F-4AE9-B8B8-87AAFB0B18FE}.Debug|x86.Build.0 = Debug|Win32
		{D03B93E2-AE0F-4AE9-B8B8-87AAFB0B18FE}.Release|x64.ActiveCfg = Release|x64
		{D03B93E2-AE0F-4AE9-B8B8-87AAFB0B18FE}.Release|x64.Build.0 = Release|x64
		{D03B93E2-AE0F-4AE9-B8B8-87AAFB0B18FE}.Release|x86.ActiveCfg = Release|Win32
		{D03B93E2-AE0F-4AE9-B8B8-87AAFB0B18FE}.Release|x86.Build.0 = Release|Win32
	EndGlobalSection
	GlobalSection(SolutionProperties) = preSolution
		HideSolutionNode = FALSE
	EndGlobalSection
	GlobalSection(ExtensibilityGlobals) = postSolution
		SolutionGuid = {2BF66AB6-9841-4832-8EB1-F9C1214C4FF4}
	EndGlobalSection
EndGlobal
