
Microsoft Visual Studio Solution File, Format Version 12.00
# Visual Studio Version 17
VisualStudioVersion = 17.9.34607.119
MinimumVisualStudioVersion = 10.0.40219.1
Project("{8BC9CEB8-8B4A-11D0-8D11-00A0C91BC942}") = "lab_03", "lab_03\lab_03.vcxproj", "{8401D94F-397F-4DF4-8042-052B4FD7B81F}"
EndProject
Global
	GlobalSection(SolutionConfigurationPlatforms) = preSolution
		Debug|x64 = Debug|x64
		Debug|x86 = Debug|x86
		Release|x64 = Release|x64
		Release|x86 = Release|x86
	EndGlobalSection
	GlobalSection(ProjectConfigurationPlatforms) = postSolution
		{8401D94F-397F-4DF4-8042-052B4FD7B81F}.Debug|x64.ActiveCfg = Debug|x64
		{8401D94F-397F-4DF4-8042-052B4FD7B81F}.Debug|x64.Build.0 = Debug|x64
		{8401D94F-397F-4DF4-8042-052B4FD7B81F}.Debug|x86.ActiveCfg = Debug|Win32
		{8401D94F-397F-4DF4-8042-052B4FD7B81F}.Debug|x86.Build.0 = Debug|Win32
		{8401D94F-397F-4DF4-8042-052B4FD7B81F}.Release|x64.ActiveCfg = Release|x64
		{8401D94F-397F-4DF4-8042-052B4FD7B81F}.Release|x64.Build.0 = Release|x64
		{8401D94F-397F-4DF4-8042-052B4FD7B81F}.Release|x86.ActiveCfg = Release|Win32
		{8401D94F-397F-4DF4-8042-052B4FD7B81F}.Release|x86.Build.0 = Release|Win32
	EndGlobalSection
	GlobalSection(SolutionProperties) = preSolution
		HideSolutionNode = FALSE
	EndGlobalSection
	GlobalSection(ExtensibilityGlobals) = postSolution
		SolutionGuid = {0B7CEF31-1CA7-49C0-8588-C3B03B019908}
	EndGlobalSection
EndGlobal
