
Microsoft Visual Studio Solution File, Format Version 12.00
# Visual Studio Version 17
VisualStudioVersion = 17.9.34607.119
MinimumVisualStudioVersion = 10.0.40219.1
Project("{8BC9CEB8-8B4A-11D0-8D11-00A0C91BC942}") = "Project1", "Project1\Project1.vcxproj", "{9D534223-3E9E-43EF-AD46-B55413ED424B}"
EndProject
Global
	GlobalSection(SolutionConfigurationPlatforms) = preSolution
		Debug|x64 = Debug|x64
		Debug|x86 = Debug|x86
		Release|x64 = Release|x64
		Release|x86 = Release|x86
	EndGlobalSection
	GlobalSection(ProjectConfigurationPlatforms) = postSolution
		{9D534223-3E9E-43EF-AD46-B55413ED424B}.Debug|x64.ActiveCfg = Debug|x64
		{9D534223-3E9E-43EF-AD46-B55413ED424B}.Debug|x64.Build.0 = Debug|x64
		{9D534223-3E9E-43EF-AD46-B55413ED424B}.Debug|x86.ActiveCfg = Debug|Win32
		{9D534223-3E9E-43EF-AD46-B55413ED424B}.Debug|x86.Build.0 = Debug|Win32
		{9D534223-3E9E-43EF-AD46-B55413ED424B}.Release|x64.ActiveCfg = Release|x64
		{9D534223-3E9E-43EF-AD46-B55413ED424B}.Release|x64.Build.0 = Release|x64
		{9D534223-3E9E-43EF-AD46-B55413ED424B}.Release|x86.ActiveCfg = Release|Win32
		{9D534223-3E9E-43EF-AD46-B55413ED424B}.Release|x86.Build.0 = Release|Win32
	EndGlobalSection
	GlobalSection(SolutionProperties) = preSolution
		HideSolutionNode = FALSE
	EndGlobalSection
	GlobalSection(ExtensibilityGlobals) = postSolution
		SolutionGuid = {E8E3BFDB-0E92-492B-B9C4-D6B331EC1A1F}
	EndGlobalSection
EndGlobal
